// !$*UTF8*$!
{
	archiveVersion = 1;
	classes = {
	};
	objectVersion = 56;
	objects = {

/* Begin PBXBuildFile section */
		306820802AD1DEE100025437 /* CalendarView.swift in Sources */ = {isa = PBXBuildFile; fileRef = 3068207F2AD1DEE100025437 /* CalendarView.swift */; };
		306820822AD1E26900025437 /* GridView.swift in Sources */ = {isa = PBXBuildFile; fileRef = 306820812AD1E26900025437 /* GridView.swift */; };
		30AA0BBC2AD1BC0400344002 /* roombeeApp.swift in Sources */ = {isa = PBXBuildFile; fileRef = 30AA0BBB2AD1BC0400344002 /* roombeeApp.swift */; };
		30AA0BBE2AD1BC0400344002 /* ContentView.swift in Sources */ = {isa = PBXBuildFile; fileRef = 30AA0BBD2AD1BC0400344002 /* ContentView.swift */; };
		30AA0BC02AD1BC0800344002 /* Assets.xcassets in Resources */ = {isa = PBXBuildFile; fileRef = 30AA0BBF2AD1BC0800344002 /* Assets.xcassets */; };
		30AA0BC42AD1BC0800344002 /* Preview Assets.xcassets in Resources */ = {isa = PBXBuildFile; fileRef = 30AA0BC32AD1BC0800344002 /* Preview Assets.xcassets */; };
		30AA0BCB2AD1CD8F00344002 /* HomepageView.swift in Sources */ = {isa = PBXBuildFile; fileRef = 30AA0BCA2AD1CD8F00344002 /* HomepageView.swift */; };
		345A398B59DFC987D091D22D /* awsconfiguration.json in Resources */ = {isa = PBXBuildFile; fileRef = 641C99D889D120338723EFFC /* awsconfiguration.json */; };
		4DF5E7F8C7A581EF6D17B6CE /* AmplifyModels.swift in Sources */ = {isa = PBXBuildFile; fileRef = 48255A30ECF74E10CDA58641 /* AmplifyModels.swift */; };
		56D4D4150928526FFCB5C62E /* Event+Schema.swift in Sources */ = {isa = PBXBuildFile; fileRef = A1A28956FB927015908CCC30 /* Event+Schema.swift */; };
		680FEBE42BBF641F002B3642 /* Onboarding1.swift in Sources */ = {isa = PBXBuildFile; fileRef = 680FEBE32BBF641F002B3642 /* Onboarding1.swift */; };
		680FEBE62BBF6463002B3642 /* Onboarding2.swift in Sources */ = {isa = PBXBuildFile; fileRef = 680FEBE52BBF6463002B3642 /* Onboarding2.swift */; };
		680FEBE82BBF64C6002B3642 /* Onboarding3_CreateRoom.swift in Sources */ = {isa = PBXBuildFile; fileRef = 680FEBE72BBF64C6002B3642 /* Onboarding3_CreateRoom.swift */; };
		680FEBEA2BBF651E002B3642 /* Onboarding3_joinExisting.swift in Sources */ = {isa = PBXBuildFile; fileRef = 680FEBE92BBF651E002B3642 /* Onboarding3_joinExisting.swift */; };
		680FEBF02BC08CDE002B3642 /* Onboarding3_CreateRoom2.swift in Sources */ = {isa = PBXBuildFile; fileRef = 680FEBEF2BC08CDE002B3642 /* Onboarding3_CreateRoom2.swift */; };
		680FEBF22BC11836002B3642 /* AuthStore.swift in Sources */ = {isa = PBXBuildFile; fileRef = 680FEBF12BC11836002B3642 /* AuthStore.swift */; };
		83469D7DB735933B4E0CE673 /* CalendarEvent.swift in Sources */ = {isa = PBXBuildFile; fileRef = C454BAC02A47133481494EF6 /* CalendarEvent.swift */; };
		C359588EB91F965B1C6BF5A1 /* amplifyconfiguration.json in Resources */ = {isa = PBXBuildFile; fileRef = 1E49ACB27DC1E7E9BFA368F2 /* amplifyconfiguration.json */; };
		C70BC7832B7EA15C008B5883 /* AWSAPIPlugin in Frameworks */ = {isa = PBXBuildFile; productRef = C70BC7822B7EA15C008B5883 /* AWSAPIPlugin */; };
		C70BC7852B7EA15C008B5883 /* AWSCloudWatchLoggingPlugin in Frameworks */ = {isa = PBXBuildFile; productRef = C70BC7842B7EA15C008B5883 /* AWSCloudWatchLoggingPlugin */; };
		C70BC7872B7EA15C008B5883 /* AWSCognitoAuthPlugin in Frameworks */ = {isa = PBXBuildFile; productRef = C70BC7862B7EA15C008B5883 /* AWSCognitoAuthPlugin */; };
		C70BC7892B7EA15C008B5883 /* AWSDataStorePlugin in Frameworks */ = {isa = PBXBuildFile; productRef = C70BC7882B7EA15C008B5883 /* AWSDataStorePlugin */; };
		C70BC78B2B7EA15C008B5883 /* AWSLocationGeoPlugin in Frameworks */ = {isa = PBXBuildFile; productRef = C70BC78A2B7EA15C008B5883 /* AWSLocationGeoPlugin */; };
		C739AD012BBE5398001378D3 /* EventViewModel.swift in Sources */ = {isa = PBXBuildFile; fileRef = C739AD002BBE5398001378D3 /* EventViewModel.swift */; };
		C739AD032BBE53E5001378D3 /* NewEventViewModel.swift in Sources */ = {isa = PBXBuildFile; fileRef = C739AD022BBE53E5001378D3 /* NewEventViewModel.swift */; };
		C775E0562B8BFC26009F644B /* EventStore.swift in Sources */ = {isa = PBXBuildFile; fileRef = C775E0552B8BFC26009F644B /* EventStore.swift */; };
		FAD7748A2AD21AB600E332B1 /* Login:SignUp.swift in Sources */ = {isa = PBXBuildFile; fileRef = FAD774892AD21AB600E332B1 /* Login:SignUp.swift */; };
/* End PBXBuildFile section */

/* Begin PBXFileReference section */
		1E49ACB27DC1E7E9BFA368F2 /* amplifyconfiguration.json */ = {isa = PBXFileReference; explicitFileType = text.json; path = amplifyconfiguration.json; sourceTree = "<group>"; };
		3068207F2AD1DEE100025437 /* CalendarView.swift */ = {isa = PBXFileReference; lastKnownFileType = sourcecode.swift; path = CalendarView.swift; sourceTree = "<group>"; };
		306820812AD1E26900025437 /* GridView.swift */ = {isa = PBXFileReference; lastKnownFileType = sourcecode.swift; path = GridView.swift; sourceTree = "<group>"; };
		30AA0BB82AD1BC0400344002 /* roombee.app */ = {isa = PBXFileReference; explicitFileType = wrapper.application; includeInIndex = 0; path = roombee.app; sourceTree = BUILT_PRODUCTS_DIR; };
		30AA0BBB2AD1BC0400344002 /* roombeeApp.swift */ = {isa = PBXFileReference; lastKnownFileType = sourcecode.swift; path = roombeeApp.swift; sourceTree = "<group>"; };
		30AA0BBD2AD1BC0400344002 /* ContentView.swift */ = {isa = PBXFileReference; lastKnownFileType = sourcecode.swift; path = ContentView.swift; sourceTree = "<group>"; };
		30AA0BBF2AD1BC0800344002 /* Assets.xcassets */ = {isa = PBXFileReference; lastKnownFileType = folder.assetcatalog; path = Assets.xcassets; sourceTree = "<group>"; };
		30AA0BC12AD1BC0800344002 /* roombee.entitlements */ = {isa = PBXFileReference; lastKnownFileType = text.plist.entitlements; path = roombee.entitlements; sourceTree = "<group>"; };
		30AA0BC32AD1BC0800344002 /* Preview Assets.xcassets */ = {isa = PBXFileReference; lastKnownFileType = folder.assetcatalog; path = "Preview Assets.xcassets"; sourceTree = "<group>"; };
		30AA0BCA2AD1CD8F00344002 /* HomepageView.swift */ = {isa = PBXFileReference; lastKnownFileType = sourcecode.swift; path = HomepageView.swift; sourceTree = "<group>"; };
		48255A30ECF74E10CDA58641 /* AmplifyModels.swift */ = {isa = PBXFileReference; explicitFileType = sourcecode.swift; name = AmplifyModels.swift; path = amplify/generated/models/AmplifyModels.swift; sourceTree = "<group>"; };
		641C99D889D120338723EFFC /* awsconfiguration.json */ = {isa = PBXFileReference; explicitFileType = text.json; path = awsconfiguration.json; sourceTree = "<group>"; };
		680FEBE32BBF641F002B3642 /* Onboarding1.swift */ = {isa = PBXFileReference; lastKnownFileType = sourcecode.swift; path = Onboarding1.swift; sourceTree = "<group>"; };
		680FEBE52BBF6463002B3642 /* Onboarding2.swift */ = {isa = PBXFileReference; lastKnownFileType = sourcecode.swift; path = Onboarding2.swift; sourceTree = "<group>"; };
		680FEBE72BBF64C6002B3642 /* Onboarding3_CreateRoom.swift */ = {isa = PBXFileReference; lastKnownFileType = sourcecode.swift; path = Onboarding3_CreateRoom.swift; sourceTree = "<group>"; };
		680FEBE92BBF651E002B3642 /* Onboarding3_joinExisting.swift */ = {isa = PBXFileReference; lastKnownFileType = sourcecode.swift; path = Onboarding3_joinExisting.swift; sourceTree = "<group>"; };
		680FEBEF2BC08CDE002B3642 /* Onboarding3_CreateRoom2.swift */ = {isa = PBXFileReference; lastKnownFileType = sourcecode.swift; path = Onboarding3_CreateRoom2.swift; sourceTree = "<group>"; };
		680FEBF12BC11836002B3642 /* AuthStore.swift */ = {isa = PBXFileReference; lastKnownFileType = sourcecode.swift; path = AuthStore.swift; sourceTree = "<group>"; };
		A1A28956FB927015908CCC30 /* Event+Schema.swift */ = {isa = PBXFileReference; explicitFileType = sourcecode.swift; name = "Event+Schema.swift"; path = "amplify/generated/models/Event+Schema.swift"; sourceTree = "<group>"; };
		C454BAC02A47133481494EF6 /* CalendarEvent.swift */ = {isa = PBXFileReference; explicitFileType = sourcecode.swift; name = CalendarEvent.swift; path = amplify/generated/models/CalendarEvent.swift; sourceTree = "<group>"; };
		C739AD002BBE5398001378D3 /* EventViewModel.swift */ = {isa = PBXFileReference; lastKnownFileType = sourcecode.swift; path = EventViewModel.swift; sourceTree = "<group>"; };
		C739AD022BBE53E5001378D3 /* NewEventViewModel.swift */ = {isa = PBXFileReference; lastKnownFileType = sourcecode.swift; path = NewEventViewModel.swift; sourceTree = "<group>"; };
		C775E0552B8BFC26009F644B /* EventStore.swift */ = {isa = PBXFileReference; lastKnownFileType = sourcecode.swift; path = EventStore.swift; sourceTree = "<group>"; };
		FAD774892AD21AB600E332B1 /* Login:SignUp.swift */ = {isa = PBXFileReference; lastKnownFileType = sourcecode.swift; path = "Login:SignUp.swift"; sourceTree = "<group>"; };
/* End PBXFileReference section */

/* Begin PBXFrameworksBuildPhase section */
		30AA0BB52AD1BC0400344002 /* Frameworks */ = {
			isa = PBXFrameworksBuildPhase;
			buildActionMask = 2147483647;
			files = (
				C70BC7832B7EA15C008B5883 /* AWSAPIPlugin in Frameworks */,
				C70BC78B2B7EA15C008B5883 /* AWSLocationGeoPlugin in Frameworks */,
				C70BC7852B7EA15C008B5883 /* AWSCloudWatchLoggingPlugin in Frameworks */,
				C70BC7872B7EA15C008B5883 /* AWSCognitoAuthPlugin in Frameworks */,
				C70BC7892B7EA15C008B5883 /* AWSDataStorePlugin in Frameworks */,
			);
			runOnlyForDeploymentPostprocessing = 0;
		};
/* End PBXFrameworksBuildPhase section */

/* Begin PBXGroup section */
		30AA0BAF2AD1BC0400344002 = {
			isa = PBXGroup;
			children = (
				30AA0BBA2AD1BC0400344002 /* roombee */,
				30AA0BB92AD1BC0400344002 /* Products */,
				5CC4194A4479403EFD5252EA /* AmplifyConfig */,
				B96C0A36C04DAA22EF84E56E /* AmplifyModels */,
			);
			sourceTree = "<group>";
		};
		30AA0BB92AD1BC0400344002 /* Products */ = {
			isa = PBXGroup;
			children = (
				30AA0BB82AD1BC0400344002 /* roombee.app */,
			);
			name = Products;
			sourceTree = "<group>";
		};
		30AA0BBA2AD1BC0400344002 /* roombee */ = {
			isa = PBXGroup;
			children = (
				30AA0BBB2AD1BC0400344002 /* roombeeApp.swift */,
				FAD774892AD21AB600E332B1 /* Login:SignUp.swift */,
				30AA0BBD2AD1BC0400344002 /* ContentView.swift */,
				680FEBE32BBF641F002B3642 /* Onboarding1.swift */,
				680FEBE52BBF6463002B3642 /* Onboarding2.swift */,
				680FEBE92BBF651E002B3642 /* Onboarding3_joinExisting.swift */,
				680FEBE72BBF64C6002B3642 /* Onboarding3_CreateRoom.swift */,
				680FEBEF2BC08CDE002B3642 /* Onboarding3_CreateRoom2.swift */,
				C775E0552B8BFC26009F644B /* EventStore.swift */,
				680FEBF12BC11836002B3642 /* AuthStore.swift */,
				30AA0BBF2AD1BC0800344002 /* Assets.xcassets */,
				30AA0BC12AD1BC0800344002 /* roombee.entitlements */,
				30AA0BC22AD1BC0800344002 /* Preview Content */,
				30AA0BCA2AD1CD8F00344002 /* HomepageView.swift */,
				3068207F2AD1DEE100025437 /* CalendarView.swift */,
				C739AD022BBE53E5001378D3 /* NewEventViewModel.swift */,
				C739AD002BBE5398001378D3 /* EventViewModel.swift */,
				306820812AD1E26900025437 /* GridView.swift */,
			);
			path = roombee;
			sourceTree = "<group>";
		};
		30AA0BC22AD1BC0800344002 /* Preview Content */ = {
			isa = PBXGroup;
			children = (
				30AA0BC32AD1BC0800344002 /* Preview Assets.xcassets */,
			);
			path = "Preview Content";
			sourceTree = "<group>";
		};
		5CC4194A4479403EFD5252EA /* AmplifyConfig */ = {
			isa = PBXGroup;
			children = (
				641C99D889D120338723EFFC /* awsconfiguration.json */,
				1E49ACB27DC1E7E9BFA368F2 /* amplifyconfiguration.json */,
			);
			name = AmplifyConfig;
			sourceTree = "<group>";
		};
		B96C0A36C04DAA22EF84E56E /* AmplifyModels */ = {
			isa = PBXGroup;
			children = (
				48255A30ECF74E10CDA58641 /* AmplifyModels.swift */,
				A1A28956FB927015908CCC30 /* Event+Schema.swift */,
				C454BAC02A47133481494EF6 /* CalendarEvent.swift */,
			);
			name = AmplifyModels;
			sourceTree = "<group>";
		};
/* End PBXGroup section */

/* Begin PBXNativeTarget section */
		30AA0BB72AD1BC0400344002 /* roombee */ = {
			isa = PBXNativeTarget;
			buildConfigurationList = 30AA0BC72AD1BC0800344002 /* Build configuration list for PBXNativeTarget "roombee" */;
			buildPhases = (
				30AA0BB42AD1BC0400344002 /* Sources */,
				30AA0BB52AD1BC0400344002 /* Frameworks */,
				30AA0BB62AD1BC0400344002 /* Resources */,
			);
			buildRules = (
			);
			dependencies = (
			);
			name = roombee;
			packageProductDependencies = (
				C70BC7822B7EA15C008B5883 /* AWSAPIPlugin */,
				C70BC7842B7EA15C008B5883 /* AWSCloudWatchLoggingPlugin */,
				C70BC7862B7EA15C008B5883 /* AWSCognitoAuthPlugin */,
				C70BC7882B7EA15C008B5883 /* AWSDataStorePlugin */,
				C70BC78A2B7EA15C008B5883 /* AWSLocationGeoPlugin */,
			);
			productName = roombee;
			productReference = 30AA0BB82AD1BC0400344002 /* roombee.app */;
			productType = "com.apple.product-type.application";
		};
/* End PBXNativeTarget section */

/* Begin PBXProject section */
		30AA0BB02AD1BC0400344002 /* Project object */ = {
			isa = PBXProject;
			attributes = {
				BuildIndependentTargetsInParallel = 1;
				LastSwiftUpdateCheck = 1430;
				LastUpgradeCheck = 1430;
				TargetAttributes = {
					30AA0BB72AD1BC0400344002 = {
						CreatedOnToolsVersion = 14.3.1;
					};
				};
			};
			buildConfigurationList = 30AA0BB32AD1BC0400344002 /* Build configuration list for PBXProject "roombee" */;
			compatibilityVersion = "Xcode 14.0";
			developmentRegion = en;
			hasScannedForEncodings = 0;
			knownRegions = (
				en,
				Base,
			);
			mainGroup = 30AA0BAF2AD1BC0400344002;
			packageReferences = (
				C70BC7812B7EA15C008B5883 /* XCRemoteSwiftPackageReference "amplify-swift" */,
			);
			productRefGroup = 30AA0BB92AD1BC0400344002 /* Products */;
			projectDirPath = "";
			projectRoot = "";
			targets = (
				30AA0BB72AD1BC0400344002 /* roombee */,
			);
		};
/* End PBXProject section */

/* Begin PBXResourcesBuildPhase section */
		30AA0BB62AD1BC0400344002 /* Resources */ = {
			isa = PBXResourcesBuildPhase;
			buildActionMask = 2147483647;
			files = (
				30AA0BC42AD1BC0800344002 /* Preview Assets.xcassets in Resources */,
				30AA0BC02AD1BC0800344002 /* Assets.xcassets in Resources */,
				345A398B59DFC987D091D22D /* awsconfiguration.json in Resources */,
				C359588EB91F965B1C6BF5A1 /* amplifyconfiguration.json in Resources */,
			);
			runOnlyForDeploymentPostprocessing = 0;
		};
/* End PBXResourcesBuildPhase section */

/* Begin PBXSourcesBuildPhase section */
		30AA0BB42AD1BC0400344002 /* Sources */ = {
			isa = PBXSourcesBuildPhase;
			buildActionMask = 2147483647;
			files = (
				680FEBF02BC08CDE002B3642 /* Onboarding3_CreateRoom2.swift in Sources */,
				30AA0BCB2AD1CD8F00344002 /* HomepageView.swift in Sources */,
				680FEBE42BBF641F002B3642 /* Onboarding1.swift in Sources */,
				FAD7748A2AD21AB600E332B1 /* Login:SignUp.swift in Sources */,
				C775E0562B8BFC26009F644B /* EventStore.swift in Sources */,
				C739AD012BBE5398001378D3 /* EventViewModel.swift in Sources */,
				680FEBE82BBF64C6002B3642 /* Onboarding3_CreateRoom.swift in Sources */,
				30AA0BBE2AD1BC0400344002 /* ContentView.swift in Sources */,
				306820802AD1DEE100025437 /* CalendarView.swift in Sources */,
				C739AD032BBE53E5001378D3 /* NewEventViewModel.swift in Sources */,
				306820822AD1E26900025437 /* GridView.swift in Sources */,
				680FEBF22BC11836002B3642 /* AuthStore.swift in Sources */,
				30AA0BBC2AD1BC0400344002 /* roombeeApp.swift in Sources */,
				680FEBEA2BBF651E002B3642 /* Onboarding3_joinExisting.swift in Sources */,
				4DF5E7F8C7A581EF6D17B6CE /* AmplifyModels.swift in Sources */,
				680FEBE62BBF6463002B3642 /* Onboarding2.swift in Sources */,
				56D4D4150928526FFCB5C62E /* Event+Schema.swift in Sources */,
				83469D7DB735933B4E0CE673 /* CalendarEvent.swift in Sources */,
			);
			runOnlyForDeploymentPostprocessing = 0;
		};
/* End PBXSourcesBuildPhase section */

/* Begin XCBuildConfiguration section */
		30AA0BC52AD1BC0800344002 /* Debug */ = {
			isa = XCBuildConfiguration;
			buildSettings = {
				ALWAYS_SEARCH_USER_PATHS = NO;
				CLANG_ANALYZER_NONNULL = YES;
				CLANG_ANALYZER_NUMBER_OBJECT_CONVERSION = YES_AGGRESSIVE;
				CLANG_CXX_LANGUAGE_STANDARD = "gnu++20";
				CLANG_ENABLE_MODULES = YES;
				CLANG_ENABLE_OBJC_ARC = YES;
				CLANG_ENABLE_OBJC_WEAK = YES;
				CLANG_WARN_BLOCK_CAPTURE_AUTORELEASING = YES;
				CLANG_WARN_BOOL_CONVERSION = YES;
				CLANG_WARN_COMMA = YES;
				CLANG_WARN_CONSTANT_CONVERSION = YES;
				CLANG_WARN_DEPRECATED_OBJC_IMPLEMENTATIONS = YES;
				CLANG_WARN_DIRECT_OBJC_ISA_USAGE = YES_ERROR;
				CLANG_WARN_DOCUMENTATION_COMMENTS = YES;
				CLANG_WARN_EMPTY_BODY = YES;
				CLANG_WARN_ENUM_CONVERSION = YES;
				CLANG_WARN_INFINITE_RECURSION = YES;
				CLANG_WARN_INT_CONVERSION = YES;
				CLANG_WARN_NON_LITERAL_NULL_CONVERSION = YES;
				CLANG_WARN_OBJC_IMPLICIT_RETAIN_SELF = YES;
				CLANG_WARN_OBJC_LITERAL_CONVERSION = YES;
				CLANG_WARN_OBJC_ROOT_CLASS = YES_ERROR;
				CLANG_WARN_QUOTED_INCLUDE_IN_FRAMEWORK_HEADER = YES;
				CLANG_WARN_RANGE_LOOP_ANALYSIS = YES;
				CLANG_WARN_STRICT_PROTOTYPES = YES;
				CLANG_WARN_SUSPICIOUS_MOVE = YES;
				CLANG_WARN_UNGUARDED_AVAILABILITY = YES_AGGRESSIVE;
				CLANG_WARN_UNREACHABLE_CODE = YES;
				CLANG_WARN__DUPLICATE_METHOD_MATCH = YES;
				COPY_PHASE_STRIP = NO;
				DEBUG_INFORMATION_FORMAT = dwarf;
				ENABLE_STRICT_OBJC_MSGSEND = YES;
				ENABLE_TESTABILITY = YES;
				GCC_C_LANGUAGE_STANDARD = gnu11;
				GCC_DYNAMIC_NO_PIC = NO;
				GCC_NO_COMMON_BLOCKS = YES;
				GCC_OPTIMIZATION_LEVEL = 0;
				GCC_PREPROCESSOR_DEFINITIONS = (
					"DEBUG=1",
					"$(inherited)",
				);
				GCC_WARN_64_TO_32_BIT_CONVERSION = YES;
				GCC_WARN_ABOUT_RETURN_TYPE = YES_ERROR;
				GCC_WARN_UNDECLARED_SELECTOR = YES;
				GCC_WARN_UNINITIALIZED_AUTOS = YES_AGGRESSIVE;
				GCC_WARN_UNUSED_FUNCTION = YES;
				GCC_WARN_UNUSED_VARIABLE = YES;
				MTL_ENABLE_DEBUG_INFO = INCLUDE_SOURCE;
				MTL_FAST_MATH = YES;
				ONLY_ACTIVE_ARCH = YES;
				SWIFT_ACTIVE_COMPILATION_CONDITIONS = DEBUG;
				SWIFT_OPTIMIZATION_LEVEL = "-Onone";
			};
			name = Debug;
		};
		30AA0BC62AD1BC0800344002 /* Release */ = {
			isa = XCBuildConfiguration;
			buildSettings = {
				ALWAYS_SEARCH_USER_PATHS = NO;
				CLANG_ANALYZER_NONNULL = YES;
				CLANG_ANALYZER_NUMBER_OBJECT_CONVERSION = YES_AGGRESSIVE;
				CLANG_CXX_LANGUAGE_STANDARD = "gnu++20";
				CLANG_ENABLE_MODULES = YES;
				CLANG_ENABLE_OBJC_ARC = YES;
				CLANG_ENABLE_OBJC_WEAK = YES;
				CLANG_WARN_BLOCK_CAPTURE_AUTORELEASING = YES;
				CLANG_WARN_BOOL_CONVERSION = YES;
				CLANG_WARN_COMMA = YES;
				CLANG_WARN_CONSTANT_CONVERSION = YES;
				CLANG_WARN_DEPRECATED_OBJC_IMPLEMENTATIONS = YES;
				CLANG_WARN_DIRECT_OBJC_ISA_USAGE = YES_ERROR;
				CLANG_WARN_DOCUMENTATION_COMMENTS = YES;
				CLANG_WARN_EMPTY_BODY = YES;
				CLANG_WARN_ENUM_CONVERSION = YES;
				CLANG_WARN_INFINITE_RECURSION = YES;
				CLANG_WARN_INT_CONVERSION = YES;
				CLANG_WARN_NON_LITERAL_NULL_CONVERSION = YES;
				CLANG_WARN_OBJC_IMPLICIT_RETAIN_SELF = YES;
				CLANG_WARN_OBJC_LITERAL_CONVERSION = YES;
				CLANG_WARN_OBJC_ROOT_CLASS = YES_ERROR;
				CLANG_WARN_QUOTED_INCLUDE_IN_FRAMEWORK_HEADER = YES;
				CLANG_WARN_RANGE_LOOP_ANALYSIS = YES;
				CLANG_WARN_STRICT_PROTOTYPES = YES;
				CLANG_WARN_SUSPICIOUS_MOVE = YES;
				CLANG_WARN_UNGUARDED_AVAILABILITY = YES_AGGRESSIVE;
				CLANG_WARN_UNREACHABLE_CODE = YES;
				CLANG_WARN__DUPLICATE_METHOD_MATCH = YES;
				COPY_PHASE_STRIP = NO;
				DEBUG_INFORMATION_FORMAT = "dwarf-with-dsym";
				ENABLE_NS_ASSERTIONS = NO;
				ENABLE_STRICT_OBJC_MSGSEND = YES;
				GCC_C_LANGUAGE_STANDARD = gnu11;
				GCC_NO_COMMON_BLOCKS = YES;
				GCC_WARN_64_TO_32_BIT_CONVERSION = YES;
				GCC_WARN_ABOUT_RETURN_TYPE = YES_ERROR;
				GCC_WARN_UNDECLARED_SELECTOR = YES;
				GCC_WARN_UNINITIALIZED_AUTOS = YES_AGGRESSIVE;
				GCC_WARN_UNUSED_FUNCTION = YES;
				GCC_WARN_UNUSED_VARIABLE = YES;
				MTL_ENABLE_DEBUG_INFO = NO;
				MTL_FAST_MATH = YES;
				SWIFT_COMPILATION_MODE = wholemodule;
				SWIFT_OPTIMIZATION_LEVEL = "-O";
			};
			name = Release;
		};
		30AA0BC82AD1BC0800344002 /* Debug */ = {
			isa = XCBuildConfiguration;
			buildSettings = {
				ASSETCATALOG_COMPILER_APPICON_NAME = AppIcon;
				ASSETCATALOG_COMPILER_GLOBAL_ACCENT_COLOR_NAME = AccentColor;
				CODE_SIGN_ENTITLEMENTS = roombee/roombee.entitlements;
				CODE_SIGN_STYLE = Automatic;
				CURRENT_PROJECT_VERSION = 1;
				DEVELOPMENT_ASSET_PATHS = "\"roombee/Preview Content\"";
				DEVELOPMENT_TEAM = A5XLR83FP4;
				ENABLE_HARDENED_RUNTIME = YES;
				ENABLE_PREVIEWS = YES;
				GENERATE_INFOPLIST_FILE = YES;
				"INFOPLIST_KEY_UIApplicationSceneManifest_Generation[sdk=iphoneos*]" = YES;
				"INFOPLIST_KEY_UIApplicationSceneManifest_Generation[sdk=iphonesimulator*]" = YES;
				"INFOPLIST_KEY_UIApplicationSupportsIndirectInputEvents[sdk=iphoneos*]" = YES;
				"INFOPLIST_KEY_UIApplicationSupportsIndirectInputEvents[sdk=iphonesimulator*]" = YES;
				"INFOPLIST_KEY_UILaunchScreen_Generation[sdk=iphoneos*]" = YES;
				"INFOPLIST_KEY_UILaunchScreen_Generation[sdk=iphonesimulator*]" = YES;
				"INFOPLIST_KEY_UIStatusBarStyle[sdk=iphoneos*]" = UIStatusBarStyleDefault;
				"INFOPLIST_KEY_UIStatusBarStyle[sdk=iphonesimulator*]" = UIStatusBarStyleDefault;
				INFOPLIST_KEY_UISupportedInterfaceOrientations_iPad = "UIInterfaceOrientationPortrait UIInterfaceOrientationPortraitUpsideDown UIInterfaceOrientationLandscapeLeft UIInterfaceOrientationLandscapeRight";
				INFOPLIST_KEY_UISupportedInterfaceOrientations_iPhone = "UIInterfaceOrientationPortrait UIInterfaceOrientationLandscapeLeft UIInterfaceOrientationLandscapeRight";
				IPHONEOS_DEPLOYMENT_TARGET = 16.4;
				LD_RUNPATH_SEARCH_PATHS = "@executable_path/Frameworks";
				"LD_RUNPATH_SEARCH_PATHS[sdk=macosx*]" = "@executable_path/../Frameworks";
				MACOSX_DEPLOYMENT_TARGET = 13.3;
				MARKETING_VERSION = 1.0;
				PRODUCT_BUNDLE_IDENTIFIER = FreshHacks2023.roombee;
				PRODUCT_NAME = "$(TARGET_NAME)";
				SDKROOT = auto;
				SUPPORTED_PLATFORMS = "iphoneos iphonesimulator macosx";
				SWIFT_EMIT_LOC_STRINGS = YES;
				SWIFT_VERSION = 5.0;
				TARGETED_DEVICE_FAMILY = "1,2";
			};
			name = Debug;
		};
		30AA0BC92AD1BC0800344002 /* Release */ = {
			isa = XCBuildConfiguration;
			buildSettings = {
				ASSETCATALOG_COMPILER_APPICON_NAME = AppIcon;
				ASSETCATALOG_COMPILER_GLOBAL_ACCENT_COLOR_NAME = AccentColor;
				CODE_SIGN_ENTITLEMENTS = roombee/roombee.entitlements;
				CODE_SIGN_STYLE = Automatic;
				CURRENT_PROJECT_VERSION = 1;
				DEVELOPMENT_ASSET_PATHS = "\"roombee/Preview Content\"";
				DEVELOPMENT_TEAM = A5XLR83FP4;
				ENABLE_HARDENED_RUNTIME = YES;
				ENABLE_PREVIEWS = YES;
				GENERATE_INFOPLIST_FILE = YES;
				"INFOPLIST_KEY_UIApplicationSceneManifest_Generation[sdk=iphoneos*]" = YES;
				"INFOPLIST_KEY_UIApplicationSceneManifest_Generation[sdk=iphonesimulator*]" = YES;
				"INFOPLIST_KEY_UIApplicationSupportsIndirectInputEvents[sdk=iphoneos*]" = YES;
				"INFOPLIST_KEY_UIApplicationSupportsIndirectInputEvents[sdk=iphonesimulator*]" = YES;
				"INFOPLIST_KEY_UILaunchScreen_Generation[sdk=iphoneos*]" = YES;
				"INFOPLIST_KEY_UILaunchScreen_Generation[sdk=iphonesimulator*]" = YES;
				"INFOPLIST_KEY_UIStatusBarStyle[sdk=iphoneos*]" = UIStatusBarStyleDefault;
				"INFOPLIST_KEY_UIStatusBarStyle[sdk=iphonesimulator*]" = UIStatusBarStyleDefault;
				INFOPLIST_KEY_UISupportedInterfaceOrientations_iPad = "UIInterfaceOrientationPortrait UIInterfaceOrientationPortraitUpsideDown UIInterfaceOrientationLandscapeLeft UIInterfaceOrientationLandscapeRight";
				INFOPLIST_KEY_UISupportedInterfaceOrientations_iPhone = "UIInterfaceOrientationPortrait UIInterfaceOrientationLandscapeLeft UIInterfaceOrientationLandscapeRight";
				IPHONEOS_DEPLOYMENT_TARGET = 16.4;
				LD_RUNPATH_SEARCH_PATHS = "@executable_path/Frameworks";
				"LD_RUNPATH_SEARCH_PATHS[sdk=macosx*]" = "@executable_path/../Frameworks";
				MACOSX_DEPLOYMENT_TARGET = 13.3;
				MARKETING_VERSION = 1.0;
				PRODUCT_BUNDLE_IDENTIFIER = FreshHacks2023.roombee;
				PRODUCT_NAME = "$(TARGET_NAME)";
				SDKROOT = auto;
				SUPPORTED_PLATFORMS = "iphoneos iphonesimulator macosx";
				SWIFT_EMIT_LOC_STRINGS = YES;
				SWIFT_VERSION = 5.0;
				TARGETED_DEVICE_FAMILY = "1,2";
			};
			name = Release;
		};
/* End XCBuildConfiguration section */

/* Begin XCConfigurationList section */
		30AA0BB32AD1BC0400344002 /* Build configuration list for PBXProject "roombee" */ = {
			isa = XCConfigurationList;
			buildConfigurations = (
				30AA0BC52AD1BC0800344002 /* Debug */,
				30AA0BC62AD1BC0800344002 /* Release */,
			);
			defaultConfigurationIsVisible = 0;
			defaultConfigurationName = Release;
		};
		30AA0BC72AD1BC0800344002 /* Build configuration list for PBXNativeTarget "roombee" */ = {
			isa = XCConfigurationList;
			buildConfigurations = (
				30AA0BC82AD1BC0800344002 /* Debug */,
				30AA0BC92AD1BC0800344002 /* Release */,
			);
			defaultConfigurationIsVisible = 0;
			defaultConfigurationName = Release;
		};
/* End XCConfigurationList section */

/* Begin XCRemoteSwiftPackageReference section */
		C70BC7812B7EA15C008B5883 /* XCRemoteSwiftPackageReference "amplify-swift" */ = {
			isa = XCRemoteSwiftPackageReference;
			repositoryURL = "https://github.com/aws-amplify/amplify-swift";
			requirement = {
				kind = upToNextMajorVersion;
				minimumVersion = 2.26.2;
			};
		};
/* End XCRemoteSwiftPackageReference section */

/* Begin XCSwiftPackageProductDependency section */
		C70BC7822B7EA15C008B5883 /* AWSAPIPlugin */ = {
			isa = XCSwiftPackageProductDependency;
			package = C70BC7812B7EA15C008B5883 /* XCRemoteSwiftPackageReference "amplify-swift" */;
			productName = AWSAPIPlugin;
		};
		C70BC7842B7EA15C008B5883 /* AWSCloudWatchLoggingPlugin */ = {
			isa = XCSwiftPackageProductDependency;
			package = C70BC7812B7EA15C008B5883 /* XCRemoteSwiftPackageReference "amplify-swift" */;
			productName = AWSCloudWatchLoggingPlugin;
		};
		C70BC7862B7EA15C008B5883 /* AWSCognitoAuthPlugin */ = {
			isa = XCSwiftPackageProductDependency;
			package = C70BC7812B7EA15C008B5883 /* XCRemoteSwiftPackageReference "amplify-swift" */;
			productName = AWSCognitoAuthPlugin;
		};
		C70BC7882B7EA15C008B5883 /* AWSDataStorePlugin */ = {
			isa = XCSwiftPackageProductDependency;
			package = C70BC7812B7EA15C008B5883 /* XCRemoteSwiftPackageReference "amplify-swift" */;
			productName = AWSDataStorePlugin;
		};
		C70BC78A2B7EA15C008B5883 /* AWSLocationGeoPlugin */ = {
			isa = XCSwiftPackageProductDependency;
			package = C70BC7812B7EA15C008B5883 /* XCRemoteSwiftPackageReference "amplify-swift" */;
			productName = AWSLocationGeoPlugin;
		};
/* End XCSwiftPackageProductDependency section */
	};
	rootObject = 30AA0BB02AD1BC0400344002 /* Project object */;
}
